
Microsoft Visual Studio Solution File, Format Version 12.00
# Visual Studio Version 17
VisualStudioVersion = 17.8.34525.116
MinimumVisualStudioVersion = 10.0.40219.1
Project("{FAE04EC0-301F-11D3-BF4B-00C04F79EFBC}") = "AutoCloseWindowsSample", "AutoCloseWindowsSample\AutoCloseWindowsSample.csproj", "{D8BC2052-2DF8-4195-BEF5-D9122183582D}"
EndProject
Global
	GlobalSection(SolutionConfigurationPlatforms) = preSolution
		Debug|Any CPU = Debug|Any CPU
		Release|Any CPU = Release|Any CPU
	EndGlobalSection
	GlobalSection(ProjectConfigurationPlatforms) = postSolution
		{D8BC2052-2DF8-4195-BEF5-D9122183582D}.Debug|Any CPU.ActiveCfg = Debug|Any CPU
		{D8BC2052-2DF8-4195-BEF5-D9122183582D}.Debug|Any CPU.Build.0 = Debug|Any CPU
		{D8BC2052-2DF8-4195-BEF5-D9122183582D}.Release|Any CPU.ActiveCfg = Release|Any CPU
		{D8BC2052-2DF8-4195-BEF5-D9122183582D}.Release|Any CPU.Build.0 = Release|Any CPU
	EndGlobalSection
	GlobalSection(SolutionProperties) = preSolution
		HideSolutionNode = FALSE
	EndGlobalSection
	GlobalSection(ExtensibilityGlobals) = postSolution
		SolutionGuid = {D910C9EF-2E6F-4B02-8BA2-365D250A5BC2}
	EndGlobalSection
EndGlobal
